
Microsoft Visual Studio Solution File, Format Version 12.00
# Visual Studio Version 17
VisualStudioVersion = 17.4.33110.190
MinimumVisualStudioVersion = 10.0.40219.1
Project("{FAE04EC0-301F-11D3-BF4B-00C04F79EFBC}") = "Code Block 01", "Code Block 01\Code Block 01.csproj", "{1A42267A-DA54-4EEC-9C50-8C96669054B3}"
EndProject
Global
	GlobalSection(SolutionConfigurationPlatforms) = preSolution
		Debug|Any CPU = Debug|Any CPU
		Release|Any CPU = Release|Any CPU
	EndGlobalSection
	GlobalSection(ProjectConfigurationPlatforms) = postSolution
		{1A42267A-DA54-4EEC-9C50-8C96669054B3}.Debug|Any CPU.ActiveCfg = Debug|Any CPU
		{1A42267A-DA54-4EEC-9C50-8C96669054B3}.Debug|Any CPU.Build.0 = Debug|Any CPU
		{1A42267A-DA54-4EEC-9C50-8C96669054B3}.Release|Any CPU.ActiveCfg = Release|Any CPU
		{1A42267A-DA54-4EEC-9C50-8C96669054B3}.Release|Any CPU.Build.0 = Release|Any CPU
	EndGlobalSection
	GlobalSection(SolutionProperties) = preSolution
		HideSolutionNode = FALSE
	EndGlobalSection
	GlobalSection(ExtensibilityGlobals) = postSolution
		SolutionGuid = {1D75815D-EDDB-45F1-8604-C9C22B7351DE}
	EndGlobalSection
EndGlobal
